
Microsoft Visual Studio Solution File, Format Version 12.00
# Visual Studio Version 16
VisualStudioVersion = 16.0.32228.343
MinimumVisualStudioVersion = 10.0.40219.1
Project("{FAE04EC0-301F-11D3-BF4B-00C04F79EFBC}") = "Mükemmel sayılar", "Mükemmel sayılar\Mükemmel sayılar.csproj", "{07EBAFD0-17F7-4177-A543-1B19578AA6B2}"
EndProject
Global
	GlobalSection(SolutionConfigurationPlatforms) = preSolution
		Debug|Any CPU = Debug|Any CPU
		Release|Any CPU = Release|Any CPU
	EndGlobalSection
	GlobalSection(ProjectConfigurationPlatforms) = postSolution
		{07EBAFD0-17F7-4177-A543-1B19578AA6B2}.Debug|Any CPU.ActiveCfg = Debug|Any CPU
		{07EBAFD0-17F7-4177-A543-1B19578AA6B2}.Debug|Any CPU.Build.0 = Debug|Any CPU
		{07EBAFD0-17F7-4177-A543-1B19578AA6B2}.Release|Any CPU.ActiveCfg = Release|Any CPU
		{07EBAFD0-17F7-4177-A543-1B19578AA6B2}.Release|Any CPU.Build.0 = Release|Any CPU
	EndGlobalSection
	GlobalSection(SolutionProperties) = preSolution
		HideSolutionNode = FALSE
	EndGlobalSection
	GlobalSection(ExtensibilityGlobals) = postSolution
		SolutionGuid = {755729AE-27D9-4F90-AA54-D04484FEEBAA}
	EndGlobalSection
EndGlobal
